// !$*UTF8*$!
{
	archiveVersion = 1;
	classes = {
	};
	objectVersion = 51;
	objects = {

/* Begin PBXBuildFile section */
		0152F919E36A12466CE49D5A /* Pods_Athletes.framework in Frameworks */ = {isa = PBXBuildFile; fileRef = 5D56CCE96EB54A76CC5EDE2D /* Pods_Athletes.framework */; };
		2F3AB55BA3F017E2F3E7655D /* Pods_Athletes_AthletesUITests.framework in Frameworks */ = {isa = PBXBuildFile; fileRef = 83981A23C254504951E13F7C /* Pods_Athletes_AthletesUITests.framework */; };
		76A4864A253B92CC006EA526 /* AppDelegate.swift in Sources */ = {isa = PBXBuildFile; fileRef = 76A48649253B92CC006EA526 /* AppDelegate.swift */; };
		76A4864C253B92CC006EA526 /* SceneDelegate.swift in Sources */ = {isa = PBXBuildFile; fileRef = 76A4864B253B92CC006EA526 /* SceneDelegate.swift */; };
		76A4864E253B92CC006EA526 /* LoginViewController.swift in Sources */ = {isa = PBXBuildFile; fileRef = 76A4864D253B92CC006EA526 /* LoginViewController.swift */; };
		76A48653253B92CC006EA526 /* Assets.xcassets in Resources */ = {isa = PBXBuildFile; fileRef = 76A48652253B92CC006EA526 /* Assets.xcassets */; };
		76A48656253B92CC006EA526 /* LaunchScreen.storyboard in Resources */ = {isa = PBXBuildFile; fileRef = 76A48654253B92CC006EA526 /* LaunchScreen.storyboard */; };
		76A48661253B92CC006EA526 /* AthletesTests.swift in Sources */ = {isa = PBXBuildFile; fileRef = 76A48660253B92CC006EA526 /* AthletesTests.swift */; };
		76A4866C253B92CC006EA526 /* AthletesUITests.swift in Sources */ = {isa = PBXBuildFile; fileRef = 76A4866B253B92CC006EA526 /* AthletesUITests.swift */; };
		76A48688253B95F4006EA526 /* Athletes.swift in Sources */ = {isa = PBXBuildFile; fileRef = 76A48687253B95F4006EA526 /* Athletes.swift */; };
		76A48690253B9680006EA526 /* Squads.swift in Sources */ = {isa = PBXBuildFile; fileRef = 76A4868F253B9680006EA526 /* Squads.swift */; };
		76A48695253B9B97006EA526 /* Api.swift in Sources */ = {isa = PBXBuildFile; fileRef = 76A48694253B9B97006EA526 /* Api.swift */; };
		76A4869A253BA5BC006EA526 /* Session.swift in Sources */ = {isa = PBXBuildFile; fileRef = 76A48699253BA5BC006EA526 /* Session.swift */; };
		76A486A7253BA92D006EA526 /* LoginView.swift in Sources */ = {isa = PBXBuildFile; fileRef = 76A486A6253BA92D006EA526 /* LoginView.swift */; };
		76A486AF253BB740006EA526 /* DetailedTextField.swift in Sources */ = {isa = PBXBuildFile; fileRef = 76A486AE253BB740006EA526 /* DetailedTextField.swift */; };
		76A486C2253BBE4C006EA526 /* AthletesViewController.swift in Sources */ = {isa = PBXBuildFile; fileRef = 76A486C1253BBE4C006EA526 /* AthletesViewController.swift */; };
		76A486CA253BBF75006EA526 /* AthleteCell.swift in Sources */ = {isa = PBXBuildFile; fileRef = 76A486C9253BBF75006EA526 /* AthleteCell.swift */; };
		76A486E8253BDB49006EA526 /* AthletesView.swift in Sources */ = {isa = PBXBuildFile; fileRef = 76A486E7253BDB49006EA526 /* AthletesView.swift */; };
		7A2C15FC54C938A33E7FD28F /* Pods_AthletesTests.framework in Frameworks */ = {isa = PBXBuildFile; fileRef = 5155090D2CD5F2C0B3E9061C /* Pods_AthletesTests.framework */; };
/* End PBXBuildFile section */

/* Begin PBXContainerItemProxy section */
		76A4865D253B92CC006EA526 /* PBXContainerItemProxy */ = {
			isa = PBXContainerItemProxy;
			containerPortal = 76A4863E253B92CC006EA526 /* Project object */;
			proxyType = 1;
			remoteGlobalIDString = 76A48645253B92CC006EA526;
			remoteInfo = Athletes;
		};
		76A48668253B92CC006EA526 /* PBXContainerItemProxy */ = {
			isa = PBXContainerItemProxy;
			containerPortal = 76A4863E253B92CC006EA526 /* Project object */;
			proxyType = 1;
			remoteGlobalIDString = 76A48645253B92CC006EA526;
			remoteInfo = Athletes;
		};
/* End PBXContainerItemProxy section */

/* Begin PBXFileReference section */
		1F2987A644E3ED178D4731BC /* Pods-Athletes-AthletesUITests.release.xcconfig */ = {isa = PBXFileReference; includeInIndex = 1; lastKnownFileType = text.xcconfig; name = "Pods-Athletes-AthletesUITests.release.xcconfig"; path = "Target Support Files/Pods-Athletes-AthletesUITests/Pods-Athletes-AthletesUITests.release.xcconfig"; sourceTree = "<group>"; };
		5155090D2CD5F2C0B3E9061C /* Pods_AthletesTests.framework */ = {isa = PBXFileReference; explicitFileType = wrapper.framework; includeInIndex = 0; path = Pods_AthletesTests.framework; sourceTree = BUILT_PRODUCTS_DIR; };
		56647AD05B951570BBE90E1A /* Pods-Athletes-AthletesUITests.debug.xcconfig */ = {isa = PBXFileReference; includeInIndex = 1; lastKnownFileType = text.xcconfig; name = "Pods-Athletes-AthletesUITests.debug.xcconfig"; path = "Target Support Files/Pods-Athletes-AthletesUITests/Pods-Athletes-AthletesUITests.debug.xcconfig"; sourceTree = "<group>"; };
		5D56CCE96EB54A76CC5EDE2D /* Pods_Athletes.framework */ = {isa = PBXFileReference; explicitFileType = wrapper.framework; includeInIndex = 0; path = Pods_Athletes.framework; sourceTree = BUILT_PRODUCTS_DIR; };
		76A48646253B92CC006EA526 /* Athletes.app */ = {isa = PBXFileReference; explicitFileType = wrapper.application; includeInIndex = 0; path = Athletes.app; sourceTree = BUILT_PRODUCTS_DIR; };
		76A48649253B92CC006EA526 /* AppDelegate.swift */ = {isa = PBXFileReference; lastKnownFileType = sourcecode.swift; path = AppDelegate.swift; sourceTree = "<group>"; };
		76A4864B253B92CC006EA526 /* SceneDelegate.swift */ = {isa = PBXFileReference; lastKnownFileType = sourcecode.swift; path = SceneDelegate.swift; sourceTree = "<group>"; };
		76A4864D253B92CC006EA526 /* LoginViewController.swift */ = {isa = PBXFileReference; lastKnownFileType = sourcecode.swift; path = LoginViewController.swift; sourceTree = "<group>"; };
		76A48652253B92CC006EA526 /* Assets.xcassets */ = {isa = PBXFileReference; lastKnownFileType = folder.assetcatalog; path = Assets.xcassets; sourceTree = "<group>"; };
		76A48655253B92CC006EA526 /* Base */ = {isa = PBXFileReference; lastKnownFileType = file.storyboard; name = Base; path = Base.lproj/LaunchScreen.storyboard; sourceTree = "<group>"; };
		76A48657253B92CC006EA526 /* Info.plist */ = {isa = PBXFileReference; lastKnownFileType = text.plist.xml; path = Info.plist; sourceTree = "<group>"; };
		76A4865C253B92CC006EA526 /* AthletesTests.xctest */ = {isa = PBXFileReference; explicitFileType = wrapper.cfbundle; includeInIndex = 0; path = AthletesTests.xctest; sourceTree = BUILT_PRODUCTS_DIR; };
		76A48660253B92CC006EA526 /* AthletesTests.swift */ = {isa = PBXFileReference; lastKnownFileType = sourcecode.swift; path = AthletesTests.swift; sourceTree = "<group>"; };
		76A48662253B92CC006EA526 /* Info.plist */ = {isa = PBXFileReference; lastKnownFileType = text.plist.xml; path = Info.plist; sourceTree = "<group>"; };
		76A48667253B92CC006EA526 /* AthletesUITests.xctest */ = {isa = PBXFileReference; explicitFileType = wrapper.cfbundle; includeInIndex = 0; path = AthletesUITests.xctest; sourceTree = BUILT_PRODUCTS_DIR; };
		76A4866B253B92CC006EA526 /* AthletesUITests.swift */ = {isa = PBXFileReference; lastKnownFileType = sourcecode.swift; path = AthletesUITests.swift; sourceTree = "<group>"; };
		76A4866D253B92CC006EA526 /* Info.plist */ = {isa = PBXFileReference; lastKnownFileType = text.plist.xml; path = Info.plist; sourceTree = "<group>"; };
		76A48687253B95F4006EA526 /* Athletes.swift */ = {isa = PBXFileReference; lastKnownFileType = sourcecode.swift; path = Athletes.swift; sourceTree = "<group>"; };
		76A4868F253B9680006EA526 /* Squads.swift */ = {isa = PBXFileReference; lastKnownFileType = sourcecode.swift; path = Squads.swift; sourceTree = "<group>"; };
		76A48694253B9B97006EA526 /* Api.swift */ = {isa = PBXFileReference; lastKnownFileType = sourcecode.swift; path = Api.swift; sourceTree = "<group>"; };
		76A48699253BA5BC006EA526 /* Session.swift */ = {isa = PBXFileReference; lastKnownFileType = sourcecode.swift; path = Session.swift; sourceTree = "<group>"; };
		76A486A6253BA92D006EA526 /* LoginView.swift */ = {isa = PBXFileReference; lastKnownFileType = sourcecode.swift; path = LoginView.swift; sourceTree = "<group>"; };
		76A486AE253BB740006EA526 /* DetailedTextField.swift */ = {isa = PBXFileReference; lastKnownFileType = sourcecode.swift; path = DetailedTextField.swift; sourceTree = "<group>"; };
		76A486C1253BBE4C006EA526 /* AthletesViewController.swift */ = {isa = PBXFileReference; lastKnownFileType = sourcecode.swift; path = AthletesViewController.swift; sourceTree = "<group>"; };
		76A486C9253BBF75006EA526 /* AthleteCell.swift */ = {isa = PBXFileReference; lastKnownFileType = sourcecode.swift; path = AthleteCell.swift; sourceTree = "<group>"; };
		76A486E7253BDB49006EA526 /* AthletesView.swift */ = {isa = PBXFileReference; lastKnownFileType = sourcecode.swift; path = AthletesView.swift; sourceTree = "<group>"; };
		83981A23C254504951E13F7C /* Pods_Athletes_AthletesUITests.framework */ = {isa = PBXFileReference; explicitFileType = wrapper.framework; includeInIndex = 0; path = Pods_Athletes_AthletesUITests.framework; sourceTree = BUILT_PRODUCTS_DIR; };
		96E99E69B512C1276BBB53BD /* Pods-Athletes.debug.xcconfig */ = {isa = PBXFileReference; includeInIndex = 1; lastKnownFileType = text.xcconfig; name = "Pods-Athletes.debug.xcconfig"; path = "Target Support Files/Pods-Athletes/Pods-Athletes.debug.xcconfig"; sourceTree = "<group>"; };
		9B9A6BA60440AE7B4DC823F3 /* Pods-AthletesTests.debug.xcconfig */ = {isa = PBXFileReference; includeInIndex = 1; lastKnownFileType = text.xcconfig; name = "Pods-AthletesTests.debug.xcconfig"; path = "Target Support Files/Pods-AthletesTests/Pods-AthletesTests.debug.xcconfig"; sourceTree = "<group>"; };
		BD98CE129F8F0D5C7A05CAB2 /* Pods-AthletesTests.release.xcconfig */ = {isa = PBXFileReference; includeInIndex = 1; lastKnownFileType = text.xcconfig; name = "Pods-AthletesTests.release.xcconfig"; path = "Target Support Files/Pods-AthletesTests/Pods-AthletesTests.release.xcconfig"; sourceTree = "<group>"; };
		F23D510E911150CE6BCCD0A7 /* Pods-Athletes.release.xcconfig */ = {isa = PBXFileReference; includeInIndex = 1; lastKnownFileType = text.xcconfig; name = "Pods-Athletes.release.xcconfig"; path = "Target Support Files/Pods-Athletes/Pods-Athletes.release.xcconfig"; sourceTree = "<group>"; };
/* End PBXFileReference section */

/* Begin PBXFrameworksBuildPhase section */
		76A48643253B92CC006EA526 /* Frameworks */ = {
			isa = PBXFrameworksBuildPhase;
			buildActionMask = 2147483647;
			files = (
				0152F919E36A12466CE49D5A /* Pods_Athletes.framework in Frameworks */,
			);
			runOnlyForDeploymentPostprocessing = 0;
		};
		76A48659253B92CC006EA526 /* Frameworks */ = {
			isa = PBXFrameworksBuildPhase;
			buildActionMask = 2147483647;
			files = (
				7A2C15FC54C938A33E7FD28F /* Pods_AthletesTests.framework in Frameworks */,
			);
			runOnlyForDeploymentPostprocessing = 0;
		};
		76A48664253B92CC006EA526 /* Frameworks */ = {
			isa = PBXFrameworksBuildPhase;
			buildActionMask = 2147483647;
			files = (
				2F3AB55BA3F017E2F3E7655D /* Pods_Athletes_AthletesUITests.framework in Frameworks */,
			);
			runOnlyForDeploymentPostprocessing = 0;
		};
/* End PBXFrameworksBuildPhase section */

/* Begin PBXGroup section */
		21D7816A67979B37E004FA6F /* Pods */ = {
			isa = PBXGroup;
			children = (
				96E99E69B512C1276BBB53BD /* Pods-Athletes.debug.xcconfig */,
				F23D510E911150CE6BCCD0A7 /* Pods-Athletes.release.xcconfig */,
				56647AD05B951570BBE90E1A /* Pods-Athletes-AthletesUITests.debug.xcconfig */,
				1F2987A644E3ED178D4731BC /* Pods-Athletes-AthletesUITests.release.xcconfig */,
				9B9A6BA60440AE7B4DC823F3 /* Pods-AthletesTests.debug.xcconfig */,
				BD98CE129F8F0D5C7A05CAB2 /* Pods-AthletesTests.release.xcconfig */,
			);
			path = Pods;
			sourceTree = "<group>";
		};
		76A4863D253B92CC006EA526 = {
			isa = PBXGroup;
			children = (
				76A48648253B92CC006EA526 /* Athletes */,
				76A4865F253B92CC006EA526 /* AthletesTests */,
				76A4866A253B92CC006EA526 /* AthletesUITests */,
				76A48647253B92CC006EA526 /* Products */,
				21D7816A67979B37E004FA6F /* Pods */,
				9310576484F6152035060075 /* Frameworks */,
			);
			sourceTree = "<group>";
		};
		76A48647253B92CC006EA526 /* Products */ = {
			isa = PBXGroup;
			children = (
				76A48646253B92CC006EA526 /* Athletes.app */,
				76A4865C253B92CC006EA526 /* AthletesTests.xctest */,
				76A48667253B92CC006EA526 /* AthletesUITests.xctest */,
			);
			name = Products;
			sourceTree = "<group>";
		};
		76A48648253B92CC006EA526 /* Athletes */ = {
			isa = PBXGroup;
			children = (
				76A486C0253BBE36006EA526 /* Athletes */,
				76A486B6253BBC39006EA526 /* CustomUIElements */,
				76A486A5253BA91F006EA526 /* Login */,
				76A48686253B95E7006EA526 /* Responses */,
				76A48649253B92CC006EA526 /* AppDelegate.swift */,
				76A4864B253B92CC006EA526 /* SceneDelegate.swift */,
				76A48652253B92CC006EA526 /* Assets.xcassets */,
				76A48654253B92CC006EA526 /* LaunchScreen.storyboard */,
				76A48657253B92CC006EA526 /* Info.plist */,
				76A48694253B9B97006EA526 /* Api.swift */,
			);
			path = Athletes;
			sourceTree = "<group>";
		};
		76A4865F253B92CC006EA526 /* AthletesTests */ = {
			isa = PBXGroup;
			children = (
				76A48660253B92CC006EA526 /* AthletesTests.swift */,
				76A48662253B92CC006EA526 /* Info.plist */,
			);
			path = AthletesTests;
			sourceTree = "<group>";
		};
		76A4866A253B92CC006EA526 /* AthletesUITests */ = {
			isa = PBXGroup;
			children = (
				76A4866B253B92CC006EA526 /* AthletesUITests.swift */,
				76A4866D253B92CC006EA526 /* Info.plist */,
			);
			path = AthletesUITests;
			sourceTree = "<group>";
		};
		76A48686253B95E7006EA526 /* Responses */ = {
			isa = PBXGroup;
			children = (
				76A48687253B95F4006EA526 /* Athletes.swift */,
				76A4868F253B9680006EA526 /* Squads.swift */,
				76A48699253BA5BC006EA526 /* Session.swift */,
			);
			path = Responses;
			sourceTree = "<group>";
		};
		76A486A5253BA91F006EA526 /* Login */ = {
			isa = PBXGroup;
			children = (
				76A4864D253B92CC006EA526 /* LoginViewController.swift */,
				76A486A6253BA92D006EA526 /* LoginView.swift */,
			);
			path = Login;
			sourceTree = "<group>";
		};
		76A486B6253BBC39006EA526 /* CustomUIElements */ = {
			isa = PBXGroup;
			children = (
				76A486AE253BB740006EA526 /* DetailedTextField.swift */,
				76A486C9253BBF75006EA526 /* AthleteCell.swift */,
			);
			path = CustomUIElements;
			sourceTree = "<group>";
		};
		76A486C0253BBE36006EA526 /* Athletes */ = {
			isa = PBXGroup;
			children = (
				76A486C1253BBE4C006EA526 /* AthletesViewController.swift */,
				76A486E7253BDB49006EA526 /* AthletesView.swift */,
			);
			path = Athletes;
			sourceTree = "<group>";
		};
		9310576484F6152035060075 /* Frameworks */ = {
			isa = PBXGroup;
			children = (
				5D56CCE96EB54A76CC5EDE2D /* Pods_Athletes.framework */,
				83981A23C254504951E13F7C /* Pods_Athletes_AthletesUITests.framework */,
				5155090D2CD5F2C0B3E9061C /* Pods_AthletesTests.framework */,
			);
			name = Frameworks;
			sourceTree = "<group>";
		};
/* End PBXGroup section */

/* Begin PBXNativeTarget section */
		76A48645253B92CC006EA526 /* Athletes */ = {
			isa = PBXNativeTarget;
			buildConfigurationList = 76A48670253B92CC006EA526 /* Build configuration list for PBXNativeTarget "Athletes" */;
			buildPhases = (
				386638755D7A9B4450CC1AF3 /* [CP] Check Pods Manifest.lock */,
				76A48642253B92CC006EA526 /* Sources */,
				76A48643253B92CC006EA526 /* Frameworks */,
				76A48644253B92CC006EA526 /* Resources */,
				881B72772C2018DDD33E2D1C /* [CP] Embed Pods Frameworks */,
			);
			buildRules = (
			);
			dependencies = (
			);
			name = Athletes;
			productName = Athletes;
			productReference = 76A48646253B92CC006EA526 /* Athletes.app */;
			productType = "com.apple.product-type.application";
		};
		76A4865B253B92CC006EA526 /* AthletesTests */ = {
			isa = PBXNativeTarget;
			buildConfigurationList = 76A48673253B92CC006EA526 /* Build configuration list for PBXNativeTarget "AthletesTests" */;
			buildPhases = (
				1AF588C43C62273005B405B0 /* [CP] Check Pods Manifest.lock */,
				76A48658253B92CC006EA526 /* Sources */,
				76A48659253B92CC006EA526 /* Frameworks */,
				76A4865A253B92CC006EA526 /* Resources */,
			);
			buildRules = (
			);
			dependencies = (
				76A4865E253B92CC006EA526 /* PBXTargetDependency */,
			);
			name = AthletesTests;
			productName = AthletesTests;
			productReference = 76A4865C253B92CC006EA526 /* AthletesTests.xctest */;
			productType = "com.apple.product-type.bundle.unit-test";
		};
		76A48666253B92CC006EA526 /* AthletesUITests */ = {
			isa = PBXNativeTarget;
			buildConfigurationList = 76A48676253B92CC006EA526 /* Build configuration list for PBXNativeTarget "AthletesUITests" */;
			buildPhases = (
				80F2D2E8BFBD28E0D137CD6F /* [CP] Check Pods Manifest.lock */,
				76A48663253B92CC006EA526 /* Sources */,
				76A48664253B92CC006EA526 /* Frameworks */,
				76A48665253B92CC006EA526 /* Resources */,
				CE3C14499E0A89567FF5D739 /* [CP] Embed Pods Frameworks */,
			);
			buildRules = (
			);
			dependencies = (
				76A48669253B92CC006EA526 /* PBXTargetDependency */,
			);
			name = AthletesUITests;
			productName = AthletesUITests;
			productReference = 76A48667253B92CC006EA526 /* AthletesUITests.xctest */;
			productType = "com.apple.product-type.bundle.ui-testing";
		};
/* End PBXNativeTarget section */

/* Begin PBXProject section */
		76A4863E253B92CC006EA526 /* Project object */ = {
			isa = PBXProject;
			attributes = {
				LastSwiftUpdateCheck = 1200;
				LastUpgradeCheck = 1200;
				TargetAttributes = {
					76A48645253B92CC006EA526 = {
						CreatedOnToolsVersion = 12.0.1;
					};
					76A4865B253B92CC006EA526 = {
						CreatedOnToolsVersion = 12.0.1;
						TestTargetID = 76A48645253B92CC006EA526;
					};
					76A48666253B92CC006EA526 = {
						CreatedOnToolsVersion = 12.0.1;
						TestTargetID = 76A48645253B92CC006EA526;
					};
				};
			};
			buildConfigurationList = 76A48641253B92CC006EA526 /* Build configuration list for PBXProject "Athletes" */;
			compatibilityVersion = "Xcode 9.3";
			developmentRegion = en;
			hasScannedForEncodings = 0;
			knownRegions = (
				en,
				Base,
			);
			mainGroup = 76A4863D253B92CC006EA526;
			productRefGroup = 76A48647253B92CC006EA526 /* Products */;
			projectDirPath = "";
			projectRoot = "";
			targets = (
				76A48645253B92CC006EA526 /* Athletes */,
				76A4865B253B92CC006EA526 /* AthletesTests */,
				76A48666253B92CC006EA526 /* AthletesUITests */,
			);
		};
/* End PBXProject section */

/* Begin PBXResourcesBuildPhase section */
		76A48644253B92CC006EA526 /* Resources */ = {
			isa = PBXResourcesBuildPhase;
			buildActionMask = 2147483647;
			files = (
				76A48656253B92CC006EA526 /* LaunchScreen.storyboard in Resources */,
				76A48653253B92CC006EA526 /* Assets.xcassets in Resources */,
			);
			runOnlyForDeploymentPostprocessing = 0;
		};
		76A4865A253B92CC006EA526 /* Resources */ = {
			isa = PBXResourcesBuildPhase;
			buildActionMask = 2147483647;
			files = (
			);
			runOnlyForDeploymentPostprocessing = 0;
		};
		76A48665253B92CC006EA526 /* Resources */ = {
			isa = PBXResourcesBuildPhase;
			buildActionMask = 2147483647;
			files = (
			);
			runOnlyForDeploymentPostprocessing = 0;
		};
/* End PBXResourcesBuildPhase section */

/* Begin PBXShellScriptBuildPhase section */
		1AF588C43C62273005B405B0 /* [CP] Check Pods Manifest.lock */ = {
			isa = PBXShellScriptBuildPhase;
			buildActionMask = 2147483647;
			files = (
			);
			inputFileListPaths = (
			);
			inputPaths = (
				"${PODS_PODFILE_DIR_PATH}/Podfile.lock",
				"${PODS_ROOT}/Manifest.lock",
			);
			name = "[CP] Check Pods Manifest.lock";
			outputFileListPaths = (
			);
			outputPaths = (
				"$(DERIVED_FILE_DIR)/Pods-AthletesTests-checkManifestLockResult.txt",
			);
			runOnlyForDeploymentPostprocessing = 0;
			shellPath = /bin/sh;
			shellScript = "diff \"${PODS_PODFILE_DIR_PATH}/Podfile.lock\" \"${PODS_ROOT}/Manifest.lock\" > /dev/null\nif [ $? != 0 ] ; then\n    # print error to STDERR\n    echo \"error: The sandbox is not in sync with the Podfile.lock. Run 'pod install' or update your CocoaPods installation.\" >&2\n    exit 1\nfi\n# This output is used by Xcode 'outputs' to avoid re-running this script phase.\necho \"SUCCESS\" > \"${SCRIPT_OUTPUT_FILE_0}\"\n";
			showEnvVarsInLog = 0;
		};
		386638755D7A9B4450CC1AF3 /* [CP] Check Pods Manifest.lock */ = {
			isa = PBXShellScriptBuildPhase;
			buildActionMask = 2147483647;
			files = (
			);
			inputFileListPaths = (
			);
			inputPaths = (
				"${PODS_PODFILE_DIR_PATH}/Podfile.lock",
				"${PODS_ROOT}/Manifest.lock",
			);
			name = "[CP] Check Pods Manifest.lock";
			outputFileListPaths = (
			);
			outputPaths = (
				"$(DERIVED_FILE_DIR)/Pods-Athletes-checkManifestLockResult.txt",
			);
			runOnlyForDeploymentPostprocessing = 0;
			shellPath = /bin/sh;
			shellScript = "diff \"${PODS_PODFILE_DIR_PATH}/Podfile.lock\" \"${PODS_ROOT}/Manifest.lock\" > /dev/null\nif [ $? != 0 ] ; then\n    # print error to STDERR\n    echo \"error: The sandbox is not in sync with the Podfile.lock. Run 'pod install' or update your CocoaPods installation.\" >&2\n    exit 1\nfi\n# This output is used by Xcode 'outputs' to avoid re-running this script phase.\necho \"SUCCESS\" > \"${SCRIPT_OUTPUT_FILE_0}\"\n";
			showEnvVarsInLog = 0;
		};
		80F2D2E8BFBD28E0D137CD6F /* [CP] Check Pods Manifest.lock */ = {
			isa = PBXShellScriptBuildPhase;
			buildActionMask = 2147483647;
			files = (
			);
			inputFileListPaths = (
			);
			inputPaths = (
				"${PODS_PODFILE_DIR_PATH}/Podfile.lock",
				"${PODS_ROOT}/Manifest.lock",
			);
			name = "[CP] Check Pods Manifest.lock";
			outputFileListPaths = (
			);
			outputPaths = (
				"$(DERIVED_FILE_DIR)/Pods-Athletes-AthletesUITests-checkManifestLockResult.txt",
			);
			runOnlyForDeploymentPostprocessing = 0;
			shellPath = /bin/sh;
			shellScript = "diff \"${PODS_PODFILE_DIR_PATH}/Podfile.lock\" \"${PODS_ROOT}/Manifest.lock\" > /dev/null\nif [ $? != 0 ] ; then\n    # print error to STDERR\n    echo \"error: The sandbox is not in sync with the Podfile.lock. Run 'pod install' or update your CocoaPods installation.\" >&2\n    exit 1\nfi\n# This output is used by Xcode 'outputs' to avoid re-running this script phase.\necho \"SUCCESS\" > \"${SCRIPT_OUTPUT_FILE_0}\"\n";
			showEnvVarsInLog = 0;
		};
		881B72772C2018DDD33E2D1C /* [CP] Embed Pods Frameworks */ = {
			isa = PBXShellScriptBuildPhase;
			buildActionMask = 2147483647;
			files = (
			);
			inputFileListPaths = (
				"${PODS_ROOT}/Target Support Files/Pods-Athletes/Pods-Athletes-frameworks-${CONFIGURATION}-input-files.xcfilelist",
			);
			name = "[CP] Embed Pods Frameworks";
			outputFileListPaths = (
				"${PODS_ROOT}/Target Support Files/Pods-Athletes/Pods-Athletes-frameworks-${CONFIGURATION}-output-files.xcfilelist",
			);
			runOnlyForDeploymentPostprocessing = 0;
			shellPath = /bin/sh;
			shellScript = "\"${PODS_ROOT}/Target Support Files/Pods-Athletes/Pods-Athletes-frameworks.sh\"\n";
			showEnvVarsInLog = 0;
		};
		CE3C14499E0A89567FF5D739 /* [CP] Embed Pods Frameworks */ = {
			isa = PBXShellScriptBuildPhase;
			buildActionMask = 2147483647;
			files = (
			);
			inputFileListPaths = (
				"${PODS_ROOT}/Target Support Files/Pods-Athletes-AthletesUITests/Pods-Athletes-AthletesUITests-frameworks-${CONFIGURATION}-input-files.xcfilelist",
			);
			name = "[CP] Embed Pods Frameworks";
			outputFileListPaths = (
				"${PODS_ROOT}/Target Support Files/Pods-Athletes-AthletesUITests/Pods-Athletes-AthletesUITests-frameworks-${CONFIGURATION}-output-files.xcfilelist",
			);
			runOnlyForDeploymentPostprocessing = 0;
			shellPath = /bin/sh;
			shellScript = "\"${PODS_ROOT}/Target Support Files/Pods-Athletes-AthletesUITests/Pods-Athletes-AthletesUITests-frameworks.sh\"\n";
			showEnvVarsInLog = 0;
		};
/* End PBXShellScriptBuildPhase section */

/* Begin PBXSourcesBuildPhase section */
		76A48642253B92CC006EA526 /* Sources */ = {
			isa = PBXSourcesBuildPhase;
			buildActionMask = 2147483647;
			files = (
				76A4869A253BA5BC006EA526 /* Session.swift in Sources */,
				76A48695253B9B97006EA526 /* Api.swift in Sources */,
				76A486E8253BDB49006EA526 /* AthletesView.swift in Sources */,
				76A4864E253B92CC006EA526 /* LoginViewController.swift in Sources */,
				76A4864A253B92CC006EA526 /* AppDelegate.swift in Sources */,
				76A486AF253BB740006EA526 /* DetailedTextField.swift in Sources */,
				76A4864C253B92CC006EA526 /* SceneDelegate.swift in Sources */,
				76A48688253B95F4006EA526 /* Athletes.swift in Sources */,
				76A486A7253BA92D006EA526 /* LoginView.swift in Sources */,
				76A486CA253BBF75006EA526 /* AthleteCell.swift in Sources */,
				76A486C2253BBE4C006EA526 /* AthletesViewController.swift in Sources */,
				76A48690253B9680006EA526 /* Squads.swift in Sources */,
			);
			runOnlyForDeploymentPostprocessing = 0;
		};
		76A48658253B92CC006EA526 /* Sources */ = {
			isa = PBXSourcesBuildPhase;
			buildActionMask = 2147483647;
			files = (
				76A48661253B92CC006EA526 /* AthletesTests.swift in Sources */,
			);
			runOnlyForDeploymentPostprocessing = 0;
		};
		76A48663253B92CC006EA526 /* Sources */ = {
			isa = PBXSourcesBuildPhase;
			buildActionMask = 2147483647;
			files = (
				76A4866C253B92CC006EA526 /* AthletesUITests.swift in Sources */,
			);
			runOnlyForDeploymentPostprocessing = 0;
		};
/* End PBXSourcesBuildPhase section */

/* Begin PBXTargetDependency section */
		76A4865E253B92CC006EA526 /* PBXTargetDependency */ = {
			isa = PBXTargetDependency;
			target = 76A48645253B92CC006EA526 /* Athletes */;
			targetProxy = 76A4865D253B92CC006EA526 /* PBXContainerItemProxy */;
		};
		76A48669253B92CC006EA526 /* PBXTargetDependency */ = {
			isa = PBXTargetDependency;
			target = 76A48645253B92CC006EA526 /* Athletes */;
			targetProxy = 76A48668253B92CC006EA526 /* PBXContainerItemProxy */;
		};
/* End PBXTargetDependency section */

/* Begin PBXVariantGroup section */
		76A48654253B92CC006EA526 /* LaunchScreen.storyboard */ = {
			isa = PBXVariantGroup;
			children = (
				76A48655253B92CC006EA526 /* Base */,
			);
			name = LaunchScreen.storyboard;
			sourceTree = "<group>";
		};
/* End PBXVariantGroup section */

/* Begin XCBuildConfiguration section */
		76A4866E253B92CC006EA526 /* Debug */ = {
			isa = XCBuildConfiguration;
			buildSettings = {
				ALWAYS_SEARCH_USER_PATHS = NO;
				CLANG_ANALYZER_NONNULL = YES;
				CLANG_ANALYZER_NUMBER_OBJECT_CONVERSION = YES_AGGRESSIVE;
				CLANG_CXX_LANGUAGE_STANDARD = "gnu++14";
				CLANG_CXX_LIBRARY = "libc++";
				CLANG_ENABLE_MODULES = YES;
				CLANG_ENABLE_OBJC_ARC = YES;
				CLANG_ENABLE_OBJC_WEAK = YES;
				CLANG_WARN_BLOCK_CAPTURE_AUTORELEASING = YES;
				CLANG_WARN_BOOL_CONVERSION = YES;
				CLANG_WARN_COMMA = YES;
				CLANG_WARN_CONSTANT_CONVERSION = YES;
				CLANG_WARN_DEPRECATED_OBJC_IMPLEMENTATIONS = YES;
				CLANG_WARN_DIRECT_OBJC_ISA_USAGE = YES_ERROR;
				CLANG_WARN_DOCUMENTATION_COMMENTS = YES;
				CLANG_WARN_EMPTY_BODY = YES;
				CLANG_WARN_ENUM_CONVERSION = YES;
				CLANG_WARN_INFINITE_RECURSION = YES;
				CLANG_WARN_INT_CONVERSION = YES;
				CLANG_WARN_NON_LITERAL_NULL_CONVERSION = YES;
				CLANG_WARN_OBJC_IMPLICIT_RETAIN_SELF = YES;
				CLANG_WARN_OBJC_LITERAL_CONVERSION = YES;
				CLANG_WARN_OBJC_ROOT_CLASS = YES_ERROR;
				CLANG_WARN_QUOTED_INCLUDE_IN_FRAMEWORK_HEADER = YES;
				CLANG_WARN_RANGE_LOOP_ANALYSIS = YES;
				CLANG_WARN_STRICT_PROTOTYPES = YES;
				CLANG_WARN_SUSPICIOUS_MOVE = YES;
				CLANG_WARN_UNGUARDED_AVAILABILITY = YES_AGGRESSIVE;
				CLANG_WARN_UNREACHABLE_CODE = YES;
				CLANG_WARN__DUPLICATE_METHOD_MATCH = YES;
				COPY_PHASE_STRIP = NO;
				DEBUG_INFORMATION_FORMAT = dwarf;
				ENABLE_STRICT_OBJC_MSGSEND = YES;
				ENABLE_TESTABILITY = YES;
				GCC_C_LANGUAGE_STANDARD = gnu11;
				GCC_DYNAMIC_NO_PIC = NO;
				GCC_NO_COMMON_BLOCKS = YES;
				GCC_OPTIMIZATION_LEVEL = 0;
				GCC_PREPROCESSOR_DEFINITIONS = (
					"DEBUG=1",
					"$(inherited)",
				);
				GCC_WARN_64_TO_32_BIT_CONVERSION = YES;
				GCC_WARN_ABOUT_RETURN_TYPE = YES_ERROR;
				GCC_WARN_UNDECLARED_SELECTOR = YES;
				GCC_WARN_UNINITIALIZED_AUTOS = YES_AGGRESSIVE;
				GCC_WARN_UNUSED_FUNCTION = YES;
				GCC_WARN_UNUSED_VARIABLE = YES;
				IPHONEOS_DEPLOYMENT_TARGET = 13.0;
				MTL_ENABLE_DEBUG_INFO = INCLUDE_SOURCE;
				MTL_FAST_MATH = YES;
				ONLY_ACTIVE_ARCH = YES;
				SDKROOT = iphoneos;
				SWIFT_ACTIVE_COMPILATION_CONDITIONS = DEBUG;
				SWIFT_OPTIMIZATION_LEVEL = "-Onone";
			};
			name = Debug;
		};
		76A4866F253B92CC006EA526 /* Release */ = {
			isa = XCBuildConfiguration;
			buildSettings = {
				ALWAYS_SEARCH_USER_PATHS = NO;
				CLANG_ANALYZER_NONNULL = YES;
				CLANG_ANALYZER_NUMBER_OBJECT_CONVERSION = YES_AGGRESSIVE;
				CLANG_CXX_LANGUAGE_STANDARD = "gnu++14";
				CLANG_CXX_LIBRARY = "libc++";
				CLANG_ENABLE_MODULES = YES;
				CLANG_ENABLE_OBJC_ARC = YES;
				CLANG_ENABLE_OBJC_WEAK = YES;
				CLANG_WARN_BLOCK_CAPTURE_AUTORELEASING = YES;
				CLANG_WARN_BOOL_CONVERSION = YES;
				CLANG_WARN_COMMA = YES;
				CLANG_WARN_CONSTANT_CONVERSION = YES;
				CLANG_WARN_DEPRECATED_OBJC_IMPLEMENTATIONS = YES;
				CLANG_WARN_DIRECT_OBJC_ISA_USAGE = YES_ERROR;
				CLANG_WARN_DOCUMENTATION_COMMENTS = YES;
				CLANG_WARN_EMPTY_BODY = YES;
				CLANG_WARN_ENUM_CONVERSION = YES;
				CLANG_WARN_INFINITE_RECURSION = YES;
				CLANG_WARN_INT_CONVERSION = YES;
				CLANG_WARN_NON_LITERAL_NULL_CONVERSION = YES;
				CLANG_WARN_OBJC_IMPLICIT_RETAIN_SELF = YES;
				CLANG_WARN_OBJC_LITERAL_CONVERSION = YES;
				CLANG_WARN_OBJC_ROOT_CLASS = YES_ERROR;
				CLANG_WARN_QUOTED_INCLUDE_IN_FRAMEWORK_HEADER = YES;
				CLANG_WARN_RANGE_LOOP_ANALYSIS = YES;
				CLANG_WARN_STRICT_PROTOTYPES = YES;
				CLANG_WARN_SUSPICIOUS_MOVE = YES;
				CLANG_WARN_UNGUARDED_AVAILABILITY = YES_AGGRESSIVE;
				CLANG_WARN_UNREACHABLE_CODE = YES;
				CLANG_WARN__DUPLICATE_METHOD_MATCH = YES;
				COPY_PHASE_STRIP = NO;
				DEBUG_INFORMATION_FORMAT = "dwarf-with-dsym";
				ENABLE_NS_ASSERTIONS = NO;
				ENABLE_STRICT_OBJC_MSGSEND = YES;
				GCC_C_LANGUAGE_STANDARD = gnu11;
				GCC_NO_COMMON_BLOCKS = YES;
				GCC_WARN_64_TO_32_BIT_CONVERSION = YES;
				GCC_WARN_ABOUT_RETURN_TYPE = YES_ERROR;
				GCC_WARN_UNDECLARED_SELECTOR = YES;
				GCC_WARN_UNINITIALIZED_AUTOS = YES_AGGRESSIVE;
				GCC_WARN_UNUSED_FUNCTION = YES;
				GCC_WARN_UNUSED_VARIABLE = YES;
				IPHONEOS_DEPLOYMENT_TARGET = 13.0;
				MTL_ENABLE_DEBUG_INFO = NO;
				MTL_FAST_MATH = YES;
				SDKROOT = iphoneos;
				SWIFT_COMPILATION_MODE = wholemodule;
				SWIFT_OPTIMIZATION_LEVEL = "-O";
				VALIDATE_PRODUCT = YES;
			};
			name = Release;
		};
		76A48671253B92CC006EA526 /* Debug */ = {
			isa = XCBuildConfiguration;
			baseConfigurationReference = 96E99E69B512C1276BBB53BD /* Pods-Athletes.debug.xcconfig */;
			buildSettings = {
				ASSETCATALOG_COMPILER_APPICON_NAME = AppIcon;
				ASSETCATALOG_COMPILER_GLOBAL_ACCENT_COLOR_NAME = AccentColor;
				CODE_SIGN_STYLE = Automatic;
				INFOPLIST_FILE = Athletes/Info.plist;
				LD_RUNPATH_SEARCH_PATHS = (
					"$(inherited)",
					"@executable_path/Frameworks",
				);
				PRODUCT_BUNDLE_IDENTIFIER = com.michaelslattery.Athletes;
				PRODUCT_NAME = "$(TARGET_NAME)";
				SWIFT_VERSION = 5.0;
				TARGETED_DEVICE_FAMILY = "1,2";
			};
			name = Debug;
		};
		76A48672253B92CC006EA526 /* Release */ = {
			isa = XCBuildConfiguration;
			baseConfigurationReference = F23D510E911150CE6BCCD0A7 /* Pods-Athletes.release.xcconfig */;
			buildSettings = {
				ASSETCATALOG_COMPILER_APPICON_NAME = AppIcon;
				ASSETCATALOG_COMPILER_GLOBAL_ACCENT_COLOR_NAME = AccentColor;
				CODE_SIGN_STYLE = Automatic;
				INFOPLIST_FILE = Athletes/Info.plist;
				LD_RUNPATH_SEARCH_PATHS = (
					"$(inherited)",
					"@executable_path/Frameworks",
				);
				PRODUCT_BUNDLE_IDENTIFIER = com.michaelslattery.Athletes;
				PRODUCT_NAME = "$(TARGET_NAME)";
				SWIFT_VERSION = 5.0;
				TARGETED_DEVICE_FAMILY = "1,2";
			};
			name = Release;
		};
		76A48674253B92CC006EA526 /* Debug */ = {
			isa = XCBuildConfiguration;
			baseConfigurationReference = 9B9A6BA60440AE7B4DC823F3 /* Pods-AthletesTests.debug.xcconfig */;
			buildSettings = {
				ALWAYS_EMBED_SWIFT_STANDARD_LIBRARIES = YES;
				BUNDLE_LOADER = "$(TEST_HOST)";
				CODE_SIGN_STYLE = Automatic;
				INFOPLIST_FILE = AthletesTests/Info.plist;
				IPHONEOS_DEPLOYMENT_TARGET = 14.0;
				LD_RUNPATH_SEARCH_PATHS = (
					"$(inherited)",
					"@executable_path/Frameworks",
					"@loader_path/Frameworks",
				);
				PRODUCT_BUNDLE_IDENTIFIER = com.michaelslattery.AthletesTests;
				PRODUCT_NAME = "$(TARGET_NAME)";
				SWIFT_VERSION = 5.0;
				TARGETED_DEVICE_FAMILY = "1,2";
				TEST_HOST = "$(BUILT_PRODUCTS_DIR)/Athletes.app/Athletes";
			};
			name = Debug;
		};
		76A48675253B92CC006EA526 /* Release */ = {
			isa = XCBuildConfiguration;
			baseConfigurationReference = BD98CE129F8F0D5C7A05CAB2 /* Pods-AthletesTests.release.xcconfig */;
			buildSettings = {
				ALWAYS_EMBED_SWIFT_STANDARD_LIBRARIES = YES;
				BUNDLE_LOADER = "$(TEST_HOST)";
				CODE_SIGN_STYLE = Automatic;
				INFOPLIST_FILE = AthletesTests/Info.plist;
				IPHONEOS_DEPLOYMENT_TARGET = 14.0;
				LD_RUNPATH_SEARCH_PATHS = (
					"$(inherited)",
					"@executable_path/Frameworks",
					"@loader_path/Frameworks",
				);
				PRODUCT_BUNDLE_IDENTIFIER = com.michaelslattery.AthletesTests;
				PRODUCT_NAME = "$(TARGET_NAME)";
				SWIFT_VERSION = 5.0;
				TARGETED_DEVICE_FAMILY = "1,2";
				TEST_HOST = "$(BUILT_PRODUCTS_DIR)/Athletes.app/Athletes";
			};
			name = Release;
		};
		76A48677253B92CC006EA526 /* Debug */ = {
			isa = XCBuildConfiguration;
			baseConfigurationReference = 56647AD05B951570BBE90E1A /* Pods-Athletes-AthletesUITests.debug.xcconfig */;
			buildSettings = {
				ALWAYS_EMBED_SWIFT_STANDARD_LIBRARIES = YES;
				CODE_SIGN_STYLE = Automatic;
				INFOPLIST_FILE = AthletesUITests/Info.plist;
				LD_RUNPATH_SEARCH_PATHS = (
					"$(inherited)",
					"@executable_path/Frameworks",
					"@loader_path/Frameworks",
				);
				PRODUCT_BUNDLE_IDENTIFIER = com.michaelslattery.AthletesUITests;
				PRODUCT_NAME = "$(TARGET_NAME)";
				SWIFT_VERSION = 5.0;
				TARGETED_DEVICE_FAMILY = "1,2";
				TEST_TARGET_NAME = Athletes;
			};
			name = Debug;
		};
		76A48678253B92CC006EA526 /* Release */ = {
			isa = XCBuildConfiguration;
			baseConfigurationReference = 1F2987A644E3ED178D4731BC /* Pods-Athletes-AthletesUITests.release.xcconfig */;
			buildSettings = {
				ALWAYS_EMBED_SWIFT_STANDARD_LIBRARIES = YES;
				CODE_SIGN_STYLE = Automatic;
				INFOPLIST_FILE = AthletesUITests/Info.plist;
				LD_RUNPATH_SEARCH_PATHS = (
					"$(inherited)",
					"@executable_path/Frameworks",
					"@loader_path/Frameworks",
				);
				PRODUCT_BUNDLE_IDENTIFIER = com.michaelslattery.AthletesUITests;
				PRODUCT_NAME = "$(TARGET_NAME)";
				SWIFT_VERSION = 5.0;
				TARGETED_DEVICE_FAMILY = "1,2";
				TEST_TARGET_NAME = Athletes;
			};
			name = Release;
		};
/* End XCBuildConfiguration section */

/* Begin XCConfigurationList section */
		76A48641253B92CC006EA526 /* Build configuration list for PBXProject "Athletes" */ = {
			isa = XCConfigurationList;
			buildConfigurations = (
				76A4866E253B92CC006EA526 /* Debug */,
				76A4866F253B92CC006EA526 /* Release */,
			);
			defaultConfigurationIsVisible = 0;
			defaultConfigurationName = Release;
		};
		76A48670253B92CC006EA526 /* Build configuration list for PBXNativeTarget "Athletes" */ = {
			isa = XCConfigurationList;
			buildConfigurations = (
				76A48671253B92CC006EA526 /* Debug */,
				76A48672253B92CC006EA526 /* Release */,
			);
			defaultConfigurationIsVisible = 0;
			defaultConfigurationName = Release;
		};
		76A48673253B92CC006EA526 /* Build configuration list for PBXNativeTarget "AthletesTests" */ = {
			isa = XCConfigurationList;
			buildConfigurations = (
				76A48674253B92CC006EA526 /* Debug */,
				76A48675253B92CC006EA526 /* Release */,
			);
			defaultConfigurationIsVisible = 0;
			defaultConfigurationName = Release;
		};
		76A48676253B92CC006EA526 /* Build configuration list for PBXNativeTarget "AthletesUITests" */ = {
			isa = XCConfigurationList;
			buildConfigurations = (
				76A48677253B92CC006EA526 /* Debug */,
				76A48678253B92CC006EA526 /* Release */,
			);
			defaultConfigurationIsVisible = 0;
			defaultConfigurationName = Release;
		};
/* End XCConfigurationList section */
	};
	rootObject = 76A4863E253B92CC006EA526 /* Project object */;
}
